<Solution>
  <Folder Name="/src/">
    <Project Path="src/Apc.Email.AuditFunctions/Apc.Email.AuditFunctions.csproj" />
    <Project Path="src/Apc.Email.CentralApi/Apc.Email.CentralApi.csproj" />
    <Project Path="src/Apc.Email.Client/Apc.Email.Client.csproj" />
    <Project Path="src/Apc.Email.Contracts/Apc.Email.Contracts.csproj" />
    <Project Path="src/Apc.Email.Mandrill/Apc.Email.Mandrill.csproj" />
    <Project Path="src/Apc.Email.SharedLibraryDemo/Apc.Email.SharedLibraryDemo.csproj" />
  </Folder>
</Solution>
