<Solution>
  <Folder Name="/src/">
    <Project Path="src/TransactionalEmail.AuditFunctions/TransactionalEmail.AuditFunctions.csproj" />
    <Project Path="src/TransactionalEmail.CentralApi/TransactionalEmail.CentralApi.csproj" />
    <Project Path="src/TransactionalEmail.Client/TransactionalEmail.Client.csproj" />
    <Project Path="src/TransactionalEmail.Contracts/TransactionalEmail.Contracts.csproj" />
    <Project Path="src/TransactionalEmail.Mandrill/TransactionalEmail.Mandrill.csproj" />
    <Project Path="src/TransactionalEmail.SharedLibraryDemo/TransactionalEmail.SharedLibraryDemo.csproj" />
  </Folder>
</Solution>
